
Microsoft Visual Studio Solution File, Format Version 12.00
# Visual Studio Version 17
VisualStudioVersion = 17.2.32616.157
MinimumVisualStudioVersion = 10.0.40219.1
Project("{FAE04EC0-301F-11D3-BF4B-00C04F79EFBC}") = "ITMO.CSCourse2022.WPFApp.Lab01.Ex01_WPFHello", "ITMO.CSCourse2022.WPFApp.Lab01.Ex01_WPFHello\ITMO.CSCourse2022.WPFApp.Lab01.Ex01_WPFHello.csproj", "{B8A4BB83-A9B7-4367-8091-C38689238FAD}"
EndProject
Project("{FAE04EC0-301F-11D3-BF4B-00C04F79EFBC}") = "ITMO.CSCourse2022.WPFApp.Lab01.Ex02_WPFHelloNav", "ITMO.CSCourse2022.WPFApp.Lab01.Ex02_WPFHelloNav\ITMO.CSCourse2022.WPFApp.Lab01.Ex02_WPFHelloNav.csproj", "{3F5FCEBF-0281-47E6-80C0-AD54A46CD62C}"
EndProject
Project("{FAE04EC0-301F-11D3-BF4B-00C04F79EFBC}") = "ITMO.CSCourse2022.WPFApp.Lab01.Ex03", "ITMO.CSCourse2022.WPFApp.Lab01.Ex03\ITMO.CSCourse2022.WPFApp.Lab01.Ex03.csproj", "{15EE345D-880E-425D-B0C1-2C33BC8C161A}"
EndProject
Project("{FAE04EC0-301F-11D3-BF4B-00C04F79EFBC}") = "ITMO.CSCourse2022.WPFApp.Lab01.Ex04", "ITMO.CSCourse2022.WPFApp.Lab01.Ex04\ITMO.CSCourse2022.WPFApp.Lab01.Ex04.csproj", "{C7CC2E95-FDCC-4741-B5E2-0F915F72CA1D}"
EndProject
Project("{FAE04EC0-301F-11D3-BF4B-00C04F79EFBC}") = "ITMO.CSCourse2022.WPFApp.Lab04.Ex01_UserIn1", "ITMO.CSCourse2022.WPFApp.Lab04.Ex01_UserIn1\ITMO.CSCourse2022.WPFApp.Lab04.Ex01_UserIn1.csproj", "{06C6867A-5F13-45BE-A3EC-005348DD2205}"
EndProject
Project("{FAE04EC0-301F-11D3-BF4B-00C04F79EFBC}") = "ITMO.CSCourse2022.WPFApp.Lab04.Ex02_UserIn2", "ITMO.CSCourse2022.WPFApp.Lab04.Ex02_UserIn2\ITMO.CSCourse2022.WPFApp.Lab04.Ex02_UserIn2.csproj", "{BDFFB8CA-E067-4296-A702-A63D9975529C}"
EndProject
Project("{FAE04EC0-301F-11D3-BF4B-00C04F79EFBC}") = "ITMO.CSCourse2022.WPFApp.Lab04.Ex03_UserIn3", "ITMO.CSCourse2022.WPFApp.Lab04.Ex03_UserIn3\ITMO.CSCourse2022.WPFApp.Lab04.Ex03_UserIn3.csproj", "{1D2B1F44-AB39-4540-9211-4067670C76C2}"
EndProject
Global
	GlobalSection(SolutionConfigurationPlatforms) = preSolution
		Debug|Any CPU = Debug|Any CPU
		Release|Any CPU = Release|Any CPU
	EndGlobalSection
	GlobalSection(ProjectConfigurationPlatforms) = postSolution
		{B8A4BB83-A9B7-4367-8091-C38689238FAD}.Debug|Any CPU.ActiveCfg = Debug|Any CPU
		{B8A4BB83-A9B7-4367-8091-C38689238FAD}.Debug|Any CPU.Build.0 = Debug|Any CPU
		{B8A4BB83-A9B7-4367-8091-C38689238FAD}.Release|Any CPU.ActiveCfg = Release|Any CPU
		{B8A4BB83-A9B7-4367-8091-C38689238FAD}.Release|Any CPU.Build.0 = Release|Any CPU
		{3F5FCEBF-0281-47E6-80C0-AD54A46CD62C}.Debug|Any CPU.ActiveCfg = Debug|Any CPU
		{3F5FCEBF-0281-47E6-80C0-AD54A46CD62C}.Debug|Any CPU.Build.0 = Debug|Any CPU
		{3F5FCEBF-0281-47E6-80C0-AD54A46CD62C}.Release|Any CPU.ActiveCfg = Release|Any CPU
		{3F5FCEBF-0281-47E6-80C0-AD54A46CD62C}.Release|Any CPU.Build.0 = Release|Any CPU
		{15EE345D-880E-425D-B0C1-2C33BC8C161A}.Debug|Any CPU.ActiveCfg = Debug|Any CPU
		{15EE345D-880E-425D-B0C1-2C33BC8C161A}.Debug|Any CPU.Build.0 = Debug|Any CPU
		{15EE345D-880E-425D-B0C1-2C33BC8C161A}.Release|Any CPU.ActiveCfg = Release|Any CPU
		{15EE345D-880E-425D-B0C1-2C33BC8C161A}.Release|Any CPU.Build.0 = Release|Any CPU
		{C7CC2E95-FDCC-4741-B5E2-0F915F72CA1D}.Debug|Any CPU.ActiveCfg = Debug|Any CPU
		{C7CC2E95-FDCC-4741-B5E2-0F915F72CA1D}.Debug|Any CPU.Build.0 = Debug|Any CPU
		{C7CC2E95-FDCC-4741-B5E2-0F915F72CA1D}.Release|Any CPU.ActiveCfg = Release|Any CPU
		{C7CC2E95-FDCC-4741-B5E2-0F915F72CA1D}.Release|Any CPU.Build.0 = Release|Any CPU
		{06C6867A-5F13-45BE-A3EC-005348DD2205}.Debug|Any CPU.ActiveCfg = Debug|Any CPU
		{06C6867A-5F13-45BE-A3EC-005348DD2205}.Debug|Any CPU.Build.0 = Debug|Any CPU
		{06C6867A-5F13-45BE-A3EC-005348DD2205}.Release|Any CPU.ActiveCfg = Release|Any CPU
		{06C6867A-5F13-45BE-A3EC-005348DD2205}.Release|Any CPU.Build.0 = Release|Any CPU
		{BDFFB8CA-E067-4296-A702-A63D9975529C}.Debug|Any CPU.ActiveCfg = Debug|Any CPU
		{BDFFB8CA-E067-4296-A702-A63D9975529C}.Debug|Any CPU.Build.0 = Debug|Any CPU
		{BDFFB8CA-E067-4296-A702-A63D9975529C}.Release|Any CPU.ActiveCfg = Release|Any CPU
		{BDFFB8CA-E067-4296-A702-A63D9975529C}.Release|Any CPU.Build.0 = Release|Any CPU
		{1D2B1F44-AB39-4540-9211-4067670C76C2}.Debug|Any CPU.ActiveCfg = Debug|Any CPU
		{1D2B1F44-AB39-4540-9211-4067670C76C2}.Debug|Any CPU.Build.0 = Debug|Any CPU
		{1D2B1F44-AB39-4540-9211-4067670C76C2}.Release|Any CPU.ActiveCfg = Release|Any CPU
		{1D2B1F44-AB39-4540-9211-4067670C76C2}.Release|Any CPU.Build.0 = Release|Any CPU
	EndGlobalSection
	GlobalSection(SolutionProperties) = preSolution
		HideSolutionNode = FALSE
	EndGlobalSection
	GlobalSection(ExtensibilityGlobals) = postSolution
		SolutionGuid = {B44D0B0A-3327-4316-8D05-7DC44E7D3239}
	EndGlobalSection
EndGlobal
